
Microsoft Visual Studio Solution File, Format Version 12.00
# Visual Studio Version 17
VisualStudioVersion = 17.8.34330.188
MinimumVisualStudioVersion = 10.0.40219.1
Project("{9A19103F-16F7-4668-BE54-9A1E7A4F7556}") = "BasicBlogWebsiteMVC", "BasicBlogWebsite\BasicBlogWebsiteMVC.csproj", "{A3F4BA49-D50F-4933-976C-FB0574D47343}"
EndProject
Global
	GlobalSection(SolutionConfigurationPlatforms) = preSolution
		Debug|Any CPU = Debug|Any CPU
		Release|Any CPU = Release|Any CPU
	EndGlobalSection
	GlobalSection(ProjectConfigurationPlatforms) = postSolution
		{A3F4BA49-D50F-4933-976C-FB0574D47343}.Debug|Any CPU.ActiveCfg = Debug|Any CPU
		{A3F4BA49-D50F-4933-976C-FB0574D47343}.Debug|Any CPU.Build.0 = Debug|Any CPU
		{A3F4BA49-D50F-4933-976C-FB0574D47343}.Release|Any CPU.ActiveCfg = Release|Any CPU
		{A3F4BA49-D50F-4933-976C-FB0574D47343}.Release|Any CPU.Build.0 = Release|Any CPU
	EndGlobalSection
	GlobalSection(SolutionProperties) = preSolution
		HideSolutionNode = FALSE
	EndGlobalSection
	GlobalSection(ExtensibilityGlobals) = postSolution
		SolutionGuid = {FD5EDB1E-EAC6-46FD-B84C-30C5330C4B03}
	EndGlobalSection
EndGlobal
